
Microsoft Visual Studio Solution File, Format Version 12.00
# Visual Studio Version 16
VisualStudioVersion = 16.0.30907.101
MinimumVisualStudioVersion = 10.0.40219.1
Project("{FAE04EC0-301F-11D3-BF4B-00C04F79EFBC}") = "Handcraft", "Handcraft\Handcraft.csproj", "{6FA4FCED-2F7C-465D-B66D-05BC31AE437B}"
EndProject
Project("{00D1A9C2-B5F0-4AF3-8072-F6C62B433612}") = "HandcraftDB", "HandcraftDB\HandcraftDB.sqlproj", "{97760F7C-4D06-4714-802D-36C77ABE1CF6}"
EndProject
Global
	GlobalSection(SolutionConfigurationPlatforms) = preSolution
		Debug|Any CPU = Debug|Any CPU
		Release|Any CPU = Release|Any CPU
	EndGlobalSection
	GlobalSection(ProjectConfigurationPlatforms) = postSolution
		{6FA4FCED-2F7C-465D-B66D-05BC31AE437B}.Debug|Any CPU.ActiveCfg = Debug|Any CPU
		{6FA4FCED-2F7C-465D-B66D-05BC31AE437B}.Debug|Any CPU.Build.0 = Debug|Any CPU
		{6FA4FCED-2F7C-465D-B66D-05BC31AE437B}.Release|Any CPU.ActiveCfg = Release|Any CPU
		{6FA4FCED-2F7C-465D-B66D-05BC31AE437B}.Release|Any CPU.Build.0 = Release|Any CPU
		{97760F7C-4D06-4714-802D-36C77ABE1CF6}.Debug|Any CPU.ActiveCfg = Debug|Any CPU
		{97760F7C-4D06-4714-802D-36C77ABE1CF6}.Debug|Any CPU.Build.0 = Debug|Any CPU
		{97760F7C-4D06-4714-802D-36C77ABE1CF6}.Debug|Any CPU.Deploy.0 = Debug|Any CPU
		{97760F7C-4D06-4714-802D-36C77ABE1CF6}.Release|Any CPU.ActiveCfg = Release|Any CPU
		{97760F7C-4D06-4714-802D-36C77ABE1CF6}.Release|Any CPU.Build.0 = Release|Any CPU
		{97760F7C-4D06-4714-802D-36C77ABE1CF6}.Release|Any CPU.Deploy.0 = Release|Any CPU
	EndGlobalSection
	GlobalSection(SolutionProperties) = preSolution
		HideSolutionNode = FALSE
	EndGlobalSection
	GlobalSection(ExtensibilityGlobals) = postSolution
		SolutionGuid = {0AAFB7E0-8C07-4BA4-8B4D-C1891371BBBB}
	EndGlobalSection
EndGlobal
